
Microsoft Visual Studio Solution File, Format Version 12.00
# Visual Studio 15
VisualStudioVersion = 15.0.27703.2000
MinimumVisualStudioVersion = 10.0.40219.1
Project("{FAE04EC0-301F-11D3-BF4B-00C04F79EFBC}") = "SuggestionBox", "SuggestionBox\SuggestionBox.csproj", "{AFE960F5-6215-4F65-BEB8-16AAC3068AB6}"
EndProject
Global
	GlobalSection(SolutionConfigurationPlatforms) = preSolution
		Debug|Any CPU = Debug|Any CPU
		Release|Any CPU = Release|Any CPU
	EndGlobalSection
	GlobalSection(ProjectConfigurationPlatforms) = postSolution
		{AFE960F5-6215-4F65-BEB8-16AAC3068AB6}.Debug|Any CPU.ActiveCfg = Debug|Any CPU
		{AFE960F5-6215-4F65-BEB8-16AAC3068AB6}.Debug|Any CPU.Build.0 = Debug|Any CPU
		{AFE960F5-6215-4F65-BEB8-16AAC3068AB6}.Release|Any CPU.ActiveCfg = Release|Any CPU
		{AFE960F5-6215-4F65-BEB8-16AAC3068AB6}.Release|Any CPU.Build.0 = Release|Any CPU
	EndGlobalSection
	GlobalSection(SolutionProperties) = preSolution
		HideSolutionNode = FALSE
	EndGlobalSection
	GlobalSection(ExtensibilityGlobals) = postSolution
		SolutionGuid = {80F55015-0234-4A80-8D11-09073F409509}
	EndGlobalSection
EndGlobal
